// !$*UTF8*$!
{
	archiveVersion = 1;
	classes = {
	};
	objectVersion = 55;
	objects = {

/* Begin PBXBuildFile section */
		E9147318284527B0000EADF6 /* MockURLProtocol.swift in Sources */ = {isa = PBXBuildFile; fileRef = E9147317284527B0000EADF6 /* MockURLProtocol.swift */; };
		E93638BA2848E950004D933F /* GetSupportedLanguagesCode.json in Resources */ = {isa = PBXBuildFile; fileRef = E93638B92848E950004D933F /* GetSupportedLanguagesCode.json */; };
		E93638BC2848E9EB004D933F /* SupportedLanguagesJSON.swift in Sources */ = {isa = PBXBuildFile; fileRef = E93638BB2848E9EB004D933F /* SupportedLanguagesJSON.swift */; };
		E93638C128491194004D933F /* LanguageSelectionViewController.swift in Sources */ = {isa = PBXBuildFile; fileRef = E93638C028491194004D933F /* LanguageSelectionViewController.swift */; };
		E93638C3284914FE004D933F /* TranslationViewController.swift in Sources */ = {isa = PBXBuildFile; fileRef = E93638C2284914FE004D933F /* TranslationViewController.swift */; };
		E93DC5A7285285E100A49988 /* CurrencyService.swift in Sources */ = {isa = PBXBuildFile; fileRef = E93DC5A6285285E100A49988 /* CurrencyService.swift */; };
		E93DC5A92852862000A49988 /* CityInfo.swift in Sources */ = {isa = PBXBuildFile; fileRef = E93DC5A82852862000A49988 /* CityInfo.swift */; };
		E93DC5AB28528CD100A49988 /* CityList.swift in Sources */ = {isa = PBXBuildFile; fileRef = E93DC5AA28528CD100A49988 /* CityList.swift */; };
		E93DC5AD2852A61400A49988 /* WeatherDataForFranceJson.swift in Sources */ = {isa = PBXBuildFile; fileRef = E93DC5AC2852A61400A49988 /* WeatherDataForFranceJson.swift */; };
		E93DC5AF2852C13F00A49988 /* FranceWeatherData.json in Resources */ = {isa = PBXBuildFile; fileRef = E93DC5AE2852C13F00A49988 /* FranceWeatherData.json */; };
		E93DC5B12852C47000A49988 /* ExtensionViewController.swift in Sources */ = {isa = PBXBuildFile; fileRef = E93DC5B02852C47000A49988 /* ExtensionViewController.swift */; };
		E945DE31284381CF00E76393 /* ConversionQueryJSON.swift in Sources */ = {isa = PBXBuildFile; fileRef = E945DE30284381CF00E76393 /* ConversionQueryJSON.swift */; };
		E9471E25284E5A5400E56F17 /* OpenWeatherAPI.swift in Sources */ = {isa = PBXBuildFile; fileRef = E9471E24284E5A5400E56F17 /* OpenWeatherAPI.swift */; };
		E9471E2C284E70A300E56F17 /* WeatherService.swift in Sources */ = {isa = PBXBuildFile; fileRef = E9471E2B284E70A300E56F17 /* WeatherService.swift */; };
		E9471E2F284E71FC00E56F17 /* NewYorkWeatherData.json in Resources */ = {isa = PBXBuildFile; fileRef = E9471E2E284E71FC00E56F17 /* NewYorkWeatherData.json */; };
		E9471E32284E72C200E56F17 /* WeatherServiceTest.swift in Sources */ = {isa = PBXBuildFile; fileRef = E9471E31284E72C200E56F17 /* WeatherServiceTest.swift */; };
		E9471E35284E750A00E56F17 /* GeoDataJson.swift in Sources */ = {isa = PBXBuildFile; fileRef = E9471E34284E750A00E56F17 /* GeoDataJson.swift */; };
		E9471E37284E788200E56F17 /* GeoData.json in Resources */ = {isa = PBXBuildFile; fileRef = E9471E36284E788100E56F17 /* GeoData.json */; };
		E9471E39284E7E7100E56F17 /* WeatherDataForUnitedStatesJson.swift in Sources */ = {isa = PBXBuildFile; fileRef = E9471E38284E7E7100E56F17 /* WeatherDataForUnitedStatesJson.swift */; };
		E950E12628477BCB0016A4F9 /* TextTranslationData.json in Resources */ = {isa = PBXBuildFile; fileRef = E950E12528477BCB0016A4F9 /* TextTranslationData.json */; };
		E950E12828477C1D0016A4F9 /* AutoDetectLanguageData.json in Resources */ = {isa = PBXBuildFile; fileRef = E950E12728477C1D0016A4F9 /* AutoDetectLanguageData.json */; };
		E950E12A28477D490016A4F9 /* TranslationServiceTest.swift in Sources */ = {isa = PBXBuildFile; fileRef = E950E12928477D490016A4F9 /* TranslationServiceTest.swift */; };
		E950E12D2847A3750016A4F9 /* NetworkServiceTest.swift in Sources */ = {isa = PBXBuildFile; fileRef = E950E12C2847A3750016A4F9 /* NetworkServiceTest.swift */; };
		E950E12F2847BA310016A4F9 /* CurrencyServiceTest.swift in Sources */ = {isa = PBXBuildFile; fileRef = E950E12E2847BA310016A4F9 /* CurrencyServiceTest.swift */; };
		E95333D72842FEA200B8E915 /* CurrencyConversion.json in Resources */ = {isa = PBXBuildFile; fileRef = E95333D62842FEA200B8E915 /* CurrencyConversion.json */; };
		E9542A97284035A200E86E9F /* CurrencySymbol.json in Resources */ = {isa = PBXBuildFile; fileRef = E9542A96284035A200E86E9F /* CurrencySymbol.json */; };
		E9542A992840367400E86E9F /* FakeResponse.swift in Sources */ = {isa = PBXBuildFile; fileRef = E9542A982840367400E86E9F /* FakeResponse.swift */; };
		E974440C2846AB62001D30C4 /* GoogleTranslateAPI.swift in Sources */ = {isa = PBXBuildFile; fileRef = E974440B2846AB62001D30C4 /* GoogleTranslateAPI.swift */; };
		E97444102846CBA9001D30C4 /* ConvertCurrency.swift in Sources */ = {isa = PBXBuildFile; fileRef = E974440F2846CBA9001D30C4 /* ConvertCurrency.swift */; };
		E97444142846D185001D30C4 /* NetworkService.swift in Sources */ = {isa = PBXBuildFile; fileRef = E97444132846D185001D30C4 /* NetworkService.swift */; };
		E97444172846D4E6001D30C4 /* NetworkRequestError.swift in Sources */ = {isa = PBXBuildFile; fileRef = E97444162846D4E6001D30C4 /* NetworkRequestError.swift */; };
		E974441B2846E285001D30C4 /* TranslationService.swift in Sources */ = {isa = PBXBuildFile; fileRef = E974441A2846E285001D30C4 /* TranslationService.swift */; };
		E974441E2846ED36001D30C4 /* AutoDetectLanguageJSON.swift in Sources */ = {isa = PBXBuildFile; fileRef = E974441D2846ED36001D30C4 /* AutoDetectLanguageJSON.swift */; };
		E97444202846F7BC001D30C4 /* TextTranslationJSON.swift in Sources */ = {isa = PBXBuildFile; fileRef = E974441F2846F7BC001D30C4 /* TextTranslationJSON.swift */; };
		E97444232846FE93001D30C4 /* CurrencyConversionJSON.swift in Sources */ = {isa = PBXBuildFile; fileRef = E97444222846FE93001D30C4 /* CurrencyConversionJSON.swift */; };
		E98C387228502F900016E040 /* WeatherDataCell.swift in Sources */ = {isa = PBXBuildFile; fileRef = E98C387128502F900016E040 /* WeatherDataCell.swift */; };
		E99E49E3283AAFFE00DD6374 /* AppDelegate.swift in Sources */ = {isa = PBXBuildFile; fileRef = E99E49E2283AAFFE00DD6374 /* AppDelegate.swift */; };
		E99E49E5283AAFFE00DD6374 /* SceneDelegate.swift in Sources */ = {isa = PBXBuildFile; fileRef = E99E49E4283AAFFE00DD6374 /* SceneDelegate.swift */; };
		E99E49E7283AAFFE00DD6374 /* ExchangeRateViewController.swift in Sources */ = {isa = PBXBuildFile; fileRef = E99E49E6283AAFFE00DD6374 /* ExchangeRateViewController.swift */; };
		E99E49EA283AAFFE00DD6374 /* Main.storyboard in Resources */ = {isa = PBXBuildFile; fileRef = E99E49E8283AAFFE00DD6374 /* Main.storyboard */; };
		E99E49EC283AAFFF00DD6374 /* Assets.xcassets in Resources */ = {isa = PBXBuildFile; fileRef = E99E49EB283AAFFF00DD6374 /* Assets.xcassets */; };
		E99E49EF283AAFFF00DD6374 /* LaunchScreen.storyboard in Resources */ = {isa = PBXBuildFile; fileRef = E99E49ED283AAFFF00DD6374 /* LaunchScreen.storyboard */; };
		E99E4A16283ABC7B00DD6374 /* WeatherViewController.swift in Sources */ = {isa = PBXBuildFile; fileRef = E99E4A15283ABC7B00DD6374 /* WeatherViewController.swift */; };
		E9D61DF2283C37E00058C9D2 /* CurrencySymbolJson.swift in Sources */ = {isa = PBXBuildFile; fileRef = E9D61DF1283C37DF0058C9D2 /* CurrencySymbolJson.swift */; };
		E9E811A0283BB41E006E19F0 /* FixerApi.swift in Sources */ = {isa = PBXBuildFile; fileRef = E9E8119F283BB41E006E19F0 /* FixerApi.swift */; };
/* End PBXBuildFile section */

/* Begin PBXContainerItemProxy section */
		E99E49F6283AAFFF00DD6374 /* PBXContainerItemProxy */ = {
			isa = PBXContainerItemProxy;
			containerPortal = E99E49D7283AAFFE00DD6374 /* Project object */;
			proxyType = 1;
			remoteGlobalIDString = E99E49DE283AAFFE00DD6374;
			remoteInfo = "Le-Baluchon";
		};
/* End PBXContainerItemProxy section */

/* Begin PBXFileReference section */
		E9147317284527B0000EADF6 /* MockURLProtocol.swift */ = {isa = PBXFileReference; fileEncoding = 4; lastKnownFileType = sourcecode.swift; path = MockURLProtocol.swift; sourceTree = "<group>"; };
		E93638B92848E950004D933F /* GetSupportedLanguagesCode.json */ = {isa = PBXFileReference; lastKnownFileType = text.json; path = GetSupportedLanguagesCode.json; sourceTree = "<group>"; };
		E93638BB2848E9EB004D933F /* SupportedLanguagesJSON.swift */ = {isa = PBXFileReference; lastKnownFileType = sourcecode.swift; path = SupportedLanguagesJSON.swift; sourceTree = "<group>"; };
		E93638C028491194004D933F /* LanguageSelectionViewController.swift */ = {isa = PBXFileReference; lastKnownFileType = sourcecode.swift; path = LanguageSelectionViewController.swift; sourceTree = "<group>"; };
		E93638C2284914FE004D933F /* TranslationViewController.swift */ = {isa = PBXFileReference; lastKnownFileType = sourcecode.swift; name = TranslationViewController.swift; path = "Le-Baluchon/View/TranslationViewController.swift"; sourceTree = SOURCE_ROOT; };
		E93DC5A6285285E100A49988 /* CurrencyService.swift */ = {isa = PBXFileReference; fileEncoding = 4; lastKnownFileType = sourcecode.swift; path = CurrencyService.swift; sourceTree = "<group>"; };
		E93DC5A82852862000A49988 /* CityInfo.swift */ = {isa = PBXFileReference; lastKnownFileType = sourcecode.swift; path = CityInfo.swift; sourceTree = "<group>"; };
		E93DC5AA28528CD100A49988 /* CityList.swift */ = {isa = PBXFileReference; lastKnownFileType = sourcecode.swift; path = CityList.swift; sourceTree = "<group>"; };
		E93DC5AC2852A61400A49988 /* WeatherDataForFranceJson.swift */ = {isa = PBXFileReference; lastKnownFileType = sourcecode.swift; path = WeatherDataForFranceJson.swift; sourceTree = "<group>"; };
		E93DC5AE2852C13F00A49988 /* FranceWeatherData.json */ = {isa = PBXFileReference; lastKnownFileType = text.json; path = FranceWeatherData.json; sourceTree = "<group>"; };
		E93DC5B02852C47000A49988 /* ExtensionViewController.swift */ = {isa = PBXFileReference; lastKnownFileType = sourcecode.swift; path = ExtensionViewController.swift; sourceTree = "<group>"; };
		E945DE30284381CF00E76393 /* ConversionQueryJSON.swift */ = {isa = PBXFileReference; lastKnownFileType = sourcecode.swift; path = ConversionQueryJSON.swift; sourceTree = "<group>"; };
		E9471E24284E5A5400E56F17 /* OpenWeatherAPI.swift */ = {isa = PBXFileReference; lastKnownFileType = sourcecode.swift; path = OpenWeatherAPI.swift; sourceTree = "<group>"; };
		E9471E2B284E70A300E56F17 /* WeatherService.swift */ = {isa = PBXFileReference; lastKnownFileType = sourcecode.swift; path = WeatherService.swift; sourceTree = "<group>"; };
		E9471E2E284E71FC00E56F17 /* NewYorkWeatherData.json */ = {isa = PBXFileReference; lastKnownFileType = text.json; path = NewYorkWeatherData.json; sourceTree = "<group>"; };
		E9471E31284E72C200E56F17 /* WeatherServiceTest.swift */ = {isa = PBXFileReference; lastKnownFileType = sourcecode.swift; path = WeatherServiceTest.swift; sourceTree = "<group>"; };
		E9471E34284E750A00E56F17 /* GeoDataJson.swift */ = {isa = PBXFileReference; lastKnownFileType = sourcecode.swift; path = GeoDataJson.swift; sourceTree = "<group>"; };
		E9471E36284E788100E56F17 /* GeoData.json */ = {isa = PBXFileReference; lastKnownFileType = text.json; path = GeoData.json; sourceTree = "<group>"; };
		E9471E38284E7E7100E56F17 /* WeatherDataForUnitedStatesJson.swift */ = {isa = PBXFileReference; lastKnownFileType = sourcecode.swift; path = WeatherDataForUnitedStatesJson.swift; sourceTree = "<group>"; };
		E950E12528477BCB0016A4F9 /* TextTranslationData.json */ = {isa = PBXFileReference; lastKnownFileType = text.json; path = TextTranslationData.json; sourceTree = "<group>"; };
		E950E12728477C1D0016A4F9 /* AutoDetectLanguageData.json */ = {isa = PBXFileReference; lastKnownFileType = text.json; path = AutoDetectLanguageData.json; sourceTree = "<group>"; };
		E950E12928477D490016A4F9 /* TranslationServiceTest.swift */ = {isa = PBXFileReference; lastKnownFileType = sourcecode.swift; path = TranslationServiceTest.swift; sourceTree = "<group>"; };
		E950E12C2847A3750016A4F9 /* NetworkServiceTest.swift */ = {isa = PBXFileReference; lastKnownFileType = sourcecode.swift; path = NetworkServiceTest.swift; sourceTree = "<group>"; };
		E950E12E2847BA310016A4F9 /* CurrencyServiceTest.swift */ = {isa = PBXFileReference; lastKnownFileType = sourcecode.swift; path = CurrencyServiceTest.swift; sourceTree = "<group>"; };
		E95333D62842FEA200B8E915 /* CurrencyConversion.json */ = {isa = PBXFileReference; lastKnownFileType = text.json; path = CurrencyConversion.json; sourceTree = "<group>"; };
		E9542A96284035A200E86E9F /* CurrencySymbol.json */ = {isa = PBXFileReference; lastKnownFileType = text.json; path = CurrencySymbol.json; sourceTree = "<group>"; };
		E9542A982840367400E86E9F /* FakeResponse.swift */ = {isa = PBXFileReference; lastKnownFileType = sourcecode.swift; path = FakeResponse.swift; sourceTree = "<group>"; };
		E974440B2846AB62001D30C4 /* GoogleTranslateAPI.swift */ = {isa = PBXFileReference; lastKnownFileType = sourcecode.swift; path = GoogleTranslateAPI.swift; sourceTree = "<group>"; };
		E974440F2846CBA9001D30C4 /* ConvertCurrency.swift */ = {isa = PBXFileReference; lastKnownFileType = sourcecode.swift; path = ConvertCurrency.swift; sourceTree = "<group>"; };
		E97444132846D185001D30C4 /* NetworkService.swift */ = {isa = PBXFileReference; lastKnownFileType = sourcecode.swift; path = NetworkService.swift; sourceTree = "<group>"; };
		E97444162846D4E6001D30C4 /* NetworkRequestError.swift */ = {isa = PBXFileReference; lastKnownFileType = sourcecode.swift; path = NetworkRequestError.swift; sourceTree = "<group>"; };
		E974441A2846E285001D30C4 /* TranslationService.swift */ = {isa = PBXFileReference; lastKnownFileType = sourcecode.swift; name = TranslationService.swift; path = "Le-Baluchon/Model/API/GoogleTranslate/TranslationService.swift"; sourceTree = SOURCE_ROOT; };
		E974441D2846ED36001D30C4 /* AutoDetectLanguageJSON.swift */ = {isa = PBXFileReference; lastKnownFileType = sourcecode.swift; path = AutoDetectLanguageJSON.swift; sourceTree = "<group>"; };
		E974441F2846F7BC001D30C4 /* TextTranslationJSON.swift */ = {isa = PBXFileReference; lastKnownFileType = sourcecode.swift; path = TextTranslationJSON.swift; sourceTree = "<group>"; };
		E97444222846FE93001D30C4 /* CurrencyConversionJSON.swift */ = {isa = PBXFileReference; fileEncoding = 4; lastKnownFileType = sourcecode.swift; path = CurrencyConversionJSON.swift; sourceTree = "<group>"; };
		E98C387128502F900016E040 /* WeatherDataCell.swift */ = {isa = PBXFileReference; lastKnownFileType = sourcecode.swift; path = WeatherDataCell.swift; sourceTree = "<group>"; };
		E99E49DF283AAFFE00DD6374 /* Le-Baluchon.app */ = {isa = PBXFileReference; explicitFileType = wrapper.application; includeInIndex = 0; path = "Le-Baluchon.app"; sourceTree = BUILT_PRODUCTS_DIR; };
		E99E49E2283AAFFE00DD6374 /* AppDelegate.swift */ = {isa = PBXFileReference; lastKnownFileType = sourcecode.swift; path = AppDelegate.swift; sourceTree = "<group>"; };
		E99E49E4283AAFFE00DD6374 /* SceneDelegate.swift */ = {isa = PBXFileReference; lastKnownFileType = sourcecode.swift; path = SceneDelegate.swift; sourceTree = "<group>"; };
		E99E49E6283AAFFE00DD6374 /* ExchangeRateViewController.swift */ = {isa = PBXFileReference; lastKnownFileType = sourcecode.swift; path = ExchangeRateViewController.swift; sourceTree = "<group>"; };
		E99E49E9283AAFFE00DD6374 /* Base */ = {isa = PBXFileReference; lastKnownFileType = file.storyboard; name = Base; path = Base.lproj/Main.storyboard; sourceTree = "<group>"; };
		E99E49EB283AAFFF00DD6374 /* Assets.xcassets */ = {isa = PBXFileReference; lastKnownFileType = folder.assetcatalog; path = Assets.xcassets; sourceTree = "<group>"; };
		E99E49EE283AAFFF00DD6374 /* Base */ = {isa = PBXFileReference; lastKnownFileType = file.storyboard; name = Base; path = Base.lproj/LaunchScreen.storyboard; sourceTree = "<group>"; };
		E99E49F0283AAFFF00DD6374 /* Info.plist */ = {isa = PBXFileReference; lastKnownFileType = text.plist.xml; path = Info.plist; sourceTree = "<group>"; };
		E99E49F5283AAFFF00DD6374 /* Le-BaluchonTests.xctest */ = {isa = PBXFileReference; explicitFileType = wrapper.cfbundle; includeInIndex = 0; path = "Le-BaluchonTests.xctest"; sourceTree = BUILT_PRODUCTS_DIR; };
		E99E4A15283ABC7B00DD6374 /* WeatherViewController.swift */ = {isa = PBXFileReference; lastKnownFileType = sourcecode.swift; name = WeatherViewController.swift; path = "Le-Baluchon/Controller/Weather/WeatherViewController.swift"; sourceTree = SOURCE_ROOT; };
		E9D61DF1283C37DF0058C9D2 /* CurrencySymbolJson.swift */ = {isa = PBXFileReference; lastKnownFileType = sourcecode.swift; path = CurrencySymbolJson.swift; sourceTree = "<group>"; };
		E9E8119F283BB41E006E19F0 /* FixerApi.swift */ = {isa = PBXFileReference; lastKnownFileType = sourcecode.swift; path = FixerApi.swift; sourceTree = "<group>"; };
/* End PBXFileReference section */

/* Begin PBXFrameworksBuildPhase section */
		E99E49DC283AAFFE00DD6374 /* Frameworks */ = {
			isa = PBXFrameworksBuildPhase;
			buildActionMask = 2147483647;
			files = (
			);
			runOnlyForDeploymentPostprocessing = 0;
		};
		E99E49F2283AAFFF00DD6374 /* Frameworks */ = {
			isa = PBXFrameworksBuildPhase;
			buildActionMask = 2147483647;
			files = (
			);
			runOnlyForDeploymentPostprocessing = 0;
		};
/* End PBXFrameworksBuildPhase section */

/* Begin PBXGroup section */
		E92DC6F3284A770D00340629 /* Network Service */ = {
			isa = PBXGroup;
			children = (
				E97444132846D185001D30C4 /* NetworkService.swift */,
				E97444162846D4E6001D30C4 /* NetworkRequestError.swift */,
			);
			path = "Network Service";
			sourceTree = "<group>";
		};
		E93120B4284129D200760277 /* JSON */ = {
			isa = PBXGroup;
			children = (
				E9471E2D284E717900E56F17 /* Weather */,
				E950E12428477B7E0016A4F9 /* Translation */,
				E950E12328477B6A0016A4F9 /* Currency */,
			);
			path = JSON;
			sourceTree = "<group>";
		};
		E93120B528412A1200760277 /* Fake Network Conf */ = {
			isa = PBXGroup;
			children = (
				E9147317284527B0000EADF6 /* MockURLProtocol.swift */,
				E9542A982840367400E86E9F /* FakeResponse.swift */,
			);
			path = "Fake Network Conf";
			sourceTree = "<group>";
		};
		E93638BD28491133004D933F /* Translation */ = {
			isa = PBXGroup;
			children = (
				E93638C2284914FE004D933F /* TranslationViewController.swift */,
				E93638C028491194004D933F /* LanguageSelectionViewController.swift */,
			);
			path = Translation;
			sourceTree = "<group>";
		};
		E93638BE28491141004D933F /* Exchange rate */ = {
			isa = PBXGroup;
			children = (
				E99E49E6283AAFFE00DD6374 /* ExchangeRateViewController.swift */,
			);
			path = "Exchange rate";
			sourceTree = "<group>";
		};
		E93638BF28491153004D933F /* Weather */ = {
			isa = PBXGroup;
			children = (
				E99E4A15283ABC7B00DD6374 /* WeatherViewController.swift */,
			);
			path = Weather;
			sourceTree = "<group>";
		};
		E941C3F2283CF86800638B3F /* JSONs */ = {
			isa = PBXGroup;
			children = (
				E9471E33284E74E200E56F17 /* Weather */,
				E97444212846FDDB001D30C4 /* Currency */,
				E974441C2846ED10001D30C4 /* Translation */,
			);
			path = JSONs;
			sourceTree = "<group>";
		};
		E945DE2E2843814700E76393 /* currency_getSymbol */ = {
			isa = PBXGroup;
			children = (
				E9D61DF1283C37DF0058C9D2 /* CurrencySymbolJson.swift */,
			);
			path = currency_getSymbol;
			sourceTree = "<group>";
		};
		E945DE2F2843818600E76393 /* currency_convert */ = {
			isa = PBXGroup;
			children = (
				E97444222846FE93001D30C4 /* CurrencyConversionJSON.swift */,
				E945DE30284381CF00E76393 /* ConversionQueryJSON.swift */,
			);
			path = currency_convert;
			sourceTree = "<group>";
		};
		E9471E26284E5A6800E56F17 /* OpenWeather */ = {
			isa = PBXGroup;
			children = (
				E9471E24284E5A5400E56F17 /* OpenWeatherAPI.swift */,
			);
			path = OpenWeather;
			sourceTree = "<group>";
		};
		E9471E2A284E708E00E56F17 /* Weather Service */ = {
			isa = PBXGroup;
			children = (
				E98C387128502F900016E040 /* WeatherDataCell.swift */,
				E9471E2B284E70A300E56F17 /* WeatherService.swift */,
				E93DC5A82852862000A49988 /* CityInfo.swift */,
				E93DC5AA28528CD100A49988 /* CityList.swift */,
			);
			path = "Weather Service";
			sourceTree = "<group>";
		};
		E9471E2D284E717900E56F17 /* Weather */ = {
			isa = PBXGroup;
			children = (
				E9471E2E284E71FC00E56F17 /* NewYorkWeatherData.json */,
				E9471E36284E788100E56F17 /* GeoData.json */,
				E93DC5AE2852C13F00A49988 /* FranceWeatherData.json */,
			);
			path = Weather;
			sourceTree = "<group>";
		};
		E9471E30284E72A500E56F17 /* WeatherService */ = {
			isa = PBXGroup;
			children = (
				E9471E31284E72C200E56F17 /* WeatherServiceTest.swift */,
			);
			path = WeatherService;
			sourceTree = "<group>";
		};
		E9471E33284E74E200E56F17 /* Weather */ = {
			isa = PBXGroup;
			children = (
				E9471E34284E750A00E56F17 /* GeoDataJson.swift */,
				E9471E38284E7E7100E56F17 /* WeatherDataForUnitedStatesJson.swift */,
				E93DC5AC2852A61400A49988 /* WeatherDataForFranceJson.swift */,
			);
			path = Weather;
			sourceTree = "<group>";
		};
		E950E12328477B6A0016A4F9 /* Currency */ = {
			isa = PBXGroup;
			children = (
				E9542A96284035A200E86E9F /* CurrencySymbol.json */,
				E95333D62842FEA200B8E915 /* CurrencyConversion.json */,
			);
			path = Currency;
			sourceTree = "<group>";
		};
		E950E12428477B7E0016A4F9 /* Translation */ = {
			isa = PBXGroup;
			children = (
				E950E12528477BCB0016A4F9 /* TextTranslationData.json */,
				E950E12728477C1D0016A4F9 /* AutoDetectLanguageData.json */,
				E93638B92848E950004D933F /* GetSupportedLanguagesCode.json */,
			);
			path = Translation;
			sourceTree = "<group>";
		};
		E950E12B284780B50016A4F9 /* TranslationService */ = {
			isa = PBXGroup;
			children = (
				E950E12928477D490016A4F9 /* TranslationServiceTest.swift */,
			);
			path = TranslationService;
			sourceTree = "<group>";
		};
		E950E1302847C1F30016A4F9 /* NetworkService */ = {
			isa = PBXGroup;
			children = (
				E950E12C2847A3750016A4F9 /* NetworkServiceTest.swift */,
			);
			path = NetworkService;
			sourceTree = "<group>";
		};
		E95333D32842FA0D00B8E915 /* CurrencyService */ = {
			isa = PBXGroup;
			children = (
				E950E12E2847BA310016A4F9 /* CurrencyServiceTest.swift */,
			);
			path = CurrencyService;
			sourceTree = "<group>";
		};
		E974440D2846B629001D30C4 /* GoogleTranslate */ = {
			isa = PBXGroup;
			children = (
				E974440B2846AB62001D30C4 /* GoogleTranslateAPI.swift */,
			);
			path = GoogleTranslate;
			sourceTree = "<group>";
		};
		E974440E2846CB8B001D30C4 /* FixerAPI */ = {
			isa = PBXGroup;
			children = (
				E9E8119F283BB41E006E19F0 /* FixerApi.swift */,
				E974440F2846CBA9001D30C4 /* ConvertCurrency.swift */,
			);
			path = FixerAPI;
			sourceTree = "<group>";
		};
		E97444152846D382001D30C4 /* Translation Service */ = {
			isa = PBXGroup;
			children = (
				E974441A2846E285001D30C4 /* TranslationService.swift */,
			);
			path = "Translation Service";
			sourceTree = "<group>";
		};
		E974441C2846ED10001D30C4 /* Translation */ = {
			isa = PBXGroup;
			children = (
				E974441D2846ED36001D30C4 /* AutoDetectLanguageJSON.swift */,
				E974441F2846F7BC001D30C4 /* TextTranslationJSON.swift */,
				E93638BB2848E9EB004D933F /* SupportedLanguagesJSON.swift */,
			);
			path = Translation;
			sourceTree = "<group>";
		};
		E97444212846FDDB001D30C4 /* Currency */ = {
			isa = PBXGroup;
			children = (
				E945DE2E2843814700E76393 /* currency_getSymbol */,
				E945DE2F2843818600E76393 /* currency_convert */,
			);
			path = Currency;
			sourceTree = "<group>";
		};
		E99E49D6283AAFFE00DD6374 = {
			isa = PBXGroup;
			children = (
				E99E49E1283AAFFE00DD6374 /* Le-Baluchon */,
				E99E49F8283AAFFF00DD6374 /* Le-BaluchonTests */,
				E99E49E0283AAFFE00DD6374 /* Products */,
			);
			sourceTree = "<group>";
		};
		E99E49E0283AAFFE00DD6374 /* Products */ = {
			isa = PBXGroup;
			children = (
				E99E49DF283AAFFE00DD6374 /* Le-Baluchon.app */,
				E99E49F5283AAFFF00DD6374 /* Le-BaluchonTests.xctest */,
			);
			name = Products;
			sourceTree = "<group>";
		};
		E99E49E1283AAFFE00DD6374 /* Le-Baluchon */ = {
			isa = PBXGroup;
			children = (
				E99E4A14283AB03200DD6374 /* Controller */,
				E99E4A13283AB02A00DD6374 /* View */,
				E99E4A12283AB02000DD6374 /* Model */,
				E99E49E2283AAFFE00DD6374 /* AppDelegate.swift */,
				E99E49E4283AAFFE00DD6374 /* SceneDelegate.swift */,
				E99E49EB283AAFFF00DD6374 /* Assets.xcassets */,
				E99E49ED283AAFFF00DD6374 /* LaunchScreen.storyboard */,
				E99E49F0283AAFFF00DD6374 /* Info.plist */,
			);
			path = "Le-Baluchon";
			sourceTree = "<group>";
		};
		E99E49F8283AAFFF00DD6374 /* Le-BaluchonTests */ = {
			isa = PBXGroup;
			children = (
				E9471E30284E72A500E56F17 /* WeatherService */,
				E950E12B284780B50016A4F9 /* TranslationService */,
				E950E1302847C1F30016A4F9 /* NetworkService */,
				E95333D32842FA0D00B8E915 /* CurrencyService */,
				E93120B528412A1200760277 /* Fake Network Conf */,
				E93120B4284129D200760277 /* JSON */,
			);
			path = "Le-BaluchonTests";
			sourceTree = "<group>";
		};
		E99E4A12283AB02000DD6374 /* Model */ = {
			isa = PBXGroup;
			children = (
				E9471E2A284E708E00E56F17 /* Weather Service */,
				E92DC6F3284A770D00340629 /* Network Service */,
				E97444152846D382001D30C4 /* Translation Service */,
				E9B07AD0283DA76A0042089E /* Currency Service */,
				E9B07ACF283DA7160042089E /* API */,
				E941C3F2283CF86800638B3F /* JSONs */,
			);
			path = Model;
			sourceTree = "<group>";
		};
		E99E4A13283AB02A00DD6374 /* View */ = {
			isa = PBXGroup;
			children = (
				E99E49E8283AAFFE00DD6374 /* Main.storyboard */,
			);
			path = View;
			sourceTree = "<group>";
		};
		E99E4A14283AB03200DD6374 /* Controller */ = {
			isa = PBXGroup;
			children = (
				E93638BF28491153004D933F /* Weather */,
				E93638BE28491141004D933F /* Exchange rate */,
				E93638BD28491133004D933F /* Translation */,
				E93DC5B02852C47000A49988 /* ExtensionViewController.swift */,
			);
			path = Controller;
			sourceTree = "<group>";
		};
		E9B07ACF283DA7160042089E /* API */ = {
			isa = PBXGroup;
			children = (
				E9471E26284E5A6800E56F17 /* OpenWeather */,
				E974440E2846CB8B001D30C4 /* FixerAPI */,
				E974440D2846B629001D30C4 /* GoogleTranslate */,
			);
			path = API;
			sourceTree = "<group>";
		};
		E9B07AD0283DA76A0042089E /* Currency Service */ = {
			isa = PBXGroup;
			children = (
				E93DC5A6285285E100A49988 /* CurrencyService.swift */,
			);
			path = "Currency Service";
			sourceTree = "<group>";
		};
/* End PBXGroup section */

/* Begin PBXNativeTarget section */
		E99E49DE283AAFFE00DD6374 /* Le-Baluchon */ = {
			isa = PBXNativeTarget;
			buildConfigurationList = E99E4A09283AAFFF00DD6374 /* Build configuration list for PBXNativeTarget "Le-Baluchon" */;
			buildPhases = (
				E99E49DB283AAFFE00DD6374 /* Sources */,
				E99E49DC283AAFFE00DD6374 /* Frameworks */,
				E99E49DD283AAFFE00DD6374 /* Resources */,
			);
			buildRules = (
			);
			dependencies = (
			);
			name = "Le-Baluchon";
			packageProductDependencies = (
			);
			productName = "Le-Baluchon";
			productReference = E99E49DF283AAFFE00DD6374 /* Le-Baluchon.app */;
			productType = "com.apple.product-type.application";
		};
		E99E49F4283AAFFF00DD6374 /* Le-BaluchonTests */ = {
			isa = PBXNativeTarget;
			buildConfigurationList = E99E4A0C283AAFFF00DD6374 /* Build configuration list for PBXNativeTarget "Le-BaluchonTests" */;
			buildPhases = (
				E99E49F1283AAFFF00DD6374 /* Sources */,
				E99E49F2283AAFFF00DD6374 /* Frameworks */,
				E99E49F3283AAFFF00DD6374 /* Resources */,
			);
			buildRules = (
			);
			dependencies = (
				E99E49F7283AAFFF00DD6374 /* PBXTargetDependency */,
			);
			name = "Le-BaluchonTests";
			productName = "Le-BaluchonTests";
			productReference = E99E49F5283AAFFF00DD6374 /* Le-BaluchonTests.xctest */;
			productType = "com.apple.product-type.bundle.unit-test";
		};
/* End PBXNativeTarget section */

/* Begin PBXProject section */
		E99E49D7283AAFFE00DD6374 /* Project object */ = {
			isa = PBXProject;
			attributes = {
				BuildIndependentTargetsInParallel = 1;
				LastSwiftUpdateCheck = 1340;
				LastUpgradeCheck = 1340;
				TargetAttributes = {
					E99E49DE283AAFFE00DD6374 = {
						CreatedOnToolsVersion = 13.4;
					};
					E99E49F4283AAFFF00DD6374 = {
						CreatedOnToolsVersion = 13.4;
						TestTargetID = E99E49DE283AAFFE00DD6374;
					};
				};
			};
			buildConfigurationList = E99E49DA283AAFFE00DD6374 /* Build configuration list for PBXProject "Le-Baluchon" */;
			compatibilityVersion = "Xcode 13.0";
			developmentRegion = en;
			hasScannedForEncodings = 0;
			knownRegions = (
				en,
				Base,
			);
			mainGroup = E99E49D6283AAFFE00DD6374;
			packageReferences = (
			);
			productRefGroup = E99E49E0283AAFFE00DD6374 /* Products */;
			projectDirPath = "";
			projectRoot = "";
			targets = (
				E99E49DE283AAFFE00DD6374 /* Le-Baluchon */,
				E99E49F4283AAFFF00DD6374 /* Le-BaluchonTests */,
			);
		};
/* End PBXProject section */

/* Begin PBXResourcesBuildPhase section */
		E99E49DD283AAFFE00DD6374 /* Resources */ = {
			isa = PBXResourcesBuildPhase;
			buildActionMask = 2147483647;
			files = (
				E99E49EF283AAFFF00DD6374 /* LaunchScreen.storyboard in Resources */,
				E99E49EC283AAFFF00DD6374 /* Assets.xcassets in Resources */,
				E99E49EA283AAFFE00DD6374 /* Main.storyboard in Resources */,
			);
			runOnlyForDeploymentPostprocessing = 0;
		};
		E99E49F3283AAFFF00DD6374 /* Resources */ = {
			isa = PBXResourcesBuildPhase;
			buildActionMask = 2147483647;
			files = (
				E93638BA2848E950004D933F /* GetSupportedLanguagesCode.json in Resources */,
				E9471E2F284E71FC00E56F17 /* NewYorkWeatherData.json in Resources */,
				E95333D72842FEA200B8E915 /* CurrencyConversion.json in Resources */,
				E950E12628477BCB0016A4F9 /* TextTranslationData.json in Resources */,
				E9542A97284035A200E86E9F /* CurrencySymbol.json in Resources */,
				E9471E37284E788200E56F17 /* GeoData.json in Resources */,
				E950E12828477C1D0016A4F9 /* AutoDetectLanguageData.json in Resources */,
				E93DC5AF2852C13F00A49988 /* FranceWeatherData.json in Resources */,
			);
			runOnlyForDeploymentPostprocessing = 0;
		};
/* End PBXResourcesBuildPhase section */

/* Begin PBXSourcesBuildPhase section */
		E99E49DB283AAFFE00DD6374 /* Sources */ = {
			isa = PBXSourcesBuildPhase;
			buildActionMask = 2147483647;
			files = (
				E97444102846CBA9001D30C4 /* ConvertCurrency.swift in Sources */,
				E93DC5AD2852A61400A49988 /* WeatherDataForFranceJson.swift in Sources */,
				E9D61DF2283C37E00058C9D2 /* CurrencySymbolJson.swift in Sources */,
				E99E49E7283AAFFE00DD6374 /* ExchangeRateViewController.swift in Sources */,
				E974441B2846E285001D30C4 /* TranslationService.swift in Sources */,
				E93638C3284914FE004D933F /* TranslationViewController.swift in Sources */,
				E945DE31284381CF00E76393 /* ConversionQueryJSON.swift in Sources */,
				E9471E25284E5A5400E56F17 /* OpenWeatherAPI.swift in Sources */,
				E93DC5A92852862000A49988 /* CityInfo.swift in Sources */,
				E9471E39284E7E7100E56F17 /* WeatherDataForUnitedStatesJson.swift in Sources */,
				E9471E35284E750A00E56F17 /* GeoDataJson.swift in Sources */,
				E93638BC2848E9EB004D933F /* SupportedLanguagesJSON.swift in Sources */,
				E93DC5A7285285E100A49988 /* CurrencyService.swift in Sources */,
				E93DC5AB28528CD100A49988 /* CityList.swift in Sources */,
				E98C387228502F900016E040 /* WeatherDataCell.swift in Sources */,
				E9E811A0283BB41E006E19F0 /* FixerApi.swift in Sources */,
				E97444202846F7BC001D30C4 /* TextTranslationJSON.swift in Sources */,
				E99E4A16283ABC7B00DD6374 /* WeatherViewController.swift in Sources */,
				E93638C128491194004D933F /* LanguageSelectionViewController.swift in Sources */,
				E97444142846D185001D30C4 /* NetworkService.swift in Sources */,
				E93DC5B12852C47000A49988 /* ExtensionViewController.swift in Sources */,
				E9471E2C284E70A300E56F17 /* WeatherService.swift in Sources */,
				E99E49E3283AAFFE00DD6374 /* AppDelegate.swift in Sources */,
				E99E49E5283AAFFE00DD6374 /* SceneDelegate.swift in Sources */,
				E97444232846FE93001D30C4 /* CurrencyConversionJSON.swift in Sources */,
				E974441E2846ED36001D30C4 /* AutoDetectLanguageJSON.swift in Sources */,
				E97444172846D4E6001D30C4 /* NetworkRequestError.swift in Sources */,
				E974440C2846AB62001D30C4 /* GoogleTranslateAPI.swift in Sources */,
			);
			runOnlyForDeploymentPostprocessing = 0;
		};
		E99E49F1283AAFFF00DD6374 /* Sources */ = {
			isa = PBXSourcesBuildPhase;
			buildActionMask = 2147483647;
			files = (
				E950E12D2847A3750016A4F9 /* NetworkServiceTest.swift in Sources */,
				E9542A992840367400E86E9F /* FakeResponse.swift in Sources */,
				E950E12F2847BA310016A4F9 /* CurrencyServiceTest.swift in Sources */,
				E950E12A28477D490016A4F9 /* TranslationServiceTest.swift in Sources */,
				E9471E32284E72C200E56F17 /* WeatherServiceTest.swift in Sources */,
				E9147318284527B0000EADF6 /* MockURLProtocol.swift in Sources */,
			);
			runOnlyForDeploymentPostprocessing = 0;
		};
/* End PBXSourcesBuildPhase section */

/* Begin PBXTargetDependency section */
		E99E49F7283AAFFF00DD6374 /* PBXTargetDependency */ = {
			isa = PBXTargetDependency;
			target = E99E49DE283AAFFE00DD6374 /* Le-Baluchon */;
			targetProxy = E99E49F6283AAFFF00DD6374 /* PBXContainerItemProxy */;
		};
/* End PBXTargetDependency section */

/* Begin PBXVariantGroup section */
		E99E49E8283AAFFE00DD6374 /* Main.storyboard */ = {
			isa = PBXVariantGroup;
			children = (
				E99E49E9283AAFFE00DD6374 /* Base */,
			);
			name = Main.storyboard;
			sourceTree = "<group>";
		};
		E99E49ED283AAFFF00DD6374 /* LaunchScreen.storyboard */ = {
			isa = PBXVariantGroup;
			children = (
				E99E49EE283AAFFF00DD6374 /* Base */,
			);
			name = LaunchScreen.storyboard;
			sourceTree = "<group>";
		};
/* End PBXVariantGroup section */

/* Begin XCBuildConfiguration section */
		E99E4A07283AAFFF00DD6374 /* Debug */ = {
			isa = XCBuildConfiguration;
			buildSettings = {
				ALWAYS_SEARCH_USER_PATHS = NO;
				CLANG_ANALYZER_NONNULL = YES;
				CLANG_ANALYZER_NUMBER_OBJECT_CONVERSION = YES_AGGRESSIVE;
				CLANG_CXX_LANGUAGE_STANDARD = "gnu++17";
				CLANG_ENABLE_MODULES = YES;
				CLANG_ENABLE_OBJC_ARC = YES;
				CLANG_ENABLE_OBJC_WEAK = YES;
				CLANG_WARN_BLOCK_CAPTURE_AUTORELEASING = YES;
				CLANG_WARN_BOOL_CONVERSION = YES;
				CLANG_WARN_COMMA = YES;
				CLANG_WARN_CONSTANT_CONVERSION = YES;
				CLANG_WARN_DEPRECATED_OBJC_IMPLEMENTATIONS = YES;
				CLANG_WARN_DIRECT_OBJC_ISA_USAGE = YES_ERROR;
				CLANG_WARN_DOCUMENTATION_COMMENTS = YES;
				CLANG_WARN_EMPTY_BODY = YES;
				CLANG_WARN_ENUM_CONVERSION = YES;
				CLANG_WARN_INFINITE_RECURSION = YES;
				CLANG_WARN_INT_CONVERSION = YES;
				CLANG_WARN_NON_LITERAL_NULL_CONVERSION = YES;
				CLANG_WARN_OBJC_IMPLICIT_RETAIN_SELF = YES;
				CLANG_WARN_OBJC_LITERAL_CONVERSION = YES;
				CLANG_WARN_OBJC_ROOT_CLASS = YES_ERROR;
				CLANG_WARN_QUOTED_INCLUDE_IN_FRAMEWORK_HEADER = YES;
				CLANG_WARN_RANGE_LOOP_ANALYSIS = YES;
				CLANG_WARN_STRICT_PROTOTYPES = YES;
				CLANG_WARN_SUSPICIOUS_MOVE = YES;
				CLANG_WARN_UNGUARDED_AVAILABILITY = YES_AGGRESSIVE;
				CLANG_WARN_UNREACHABLE_CODE = YES;
				CLANG_WARN__DUPLICATE_METHOD_MATCH = YES;
				COPY_PHASE_STRIP = NO;
				DEBUG_INFORMATION_FORMAT = dwarf;
				ENABLE_STRICT_OBJC_MSGSEND = YES;
				ENABLE_TESTABILITY = YES;
				GCC_C_LANGUAGE_STANDARD = gnu11;
				GCC_DYNAMIC_NO_PIC = NO;
				GCC_NO_COMMON_BLOCKS = YES;
				GCC_OPTIMIZATION_LEVEL = 0;
				GCC_PREPROCESSOR_DEFINITIONS = (
					"DEBUG=1",
					"$(inherited)",
				);
				GCC_WARN_64_TO_32_BIT_CONVERSION = YES;
				GCC_WARN_ABOUT_RETURN_TYPE = YES_ERROR;
				GCC_WARN_UNDECLARED_SELECTOR = YES;
				GCC_WARN_UNINITIALIZED_AUTOS = YES_AGGRESSIVE;
				GCC_WARN_UNUSED_FUNCTION = YES;
				GCC_WARN_UNUSED_VARIABLE = YES;
				IPHONEOS_DEPLOYMENT_TARGET = 15.5;
				MTL_ENABLE_DEBUG_INFO = INCLUDE_SOURCE;
				MTL_FAST_MATH = YES;
				ONLY_ACTIVE_ARCH = YES;
				SDKROOT = iphoneos;
				SWIFT_ACTIVE_COMPILATION_CONDITIONS = DEBUG;
				SWIFT_OPTIMIZATION_LEVEL = "-Onone";
			};
			name = Debug;
		};
		E99E4A08283AAFFF00DD6374 /* Release */ = {
			isa = XCBuildConfiguration;
			buildSettings = {
				ALWAYS_SEARCH_USER_PATHS = NO;
				CLANG_ANALYZER_NONNULL = YES;
				CLANG_ANALYZER_NUMBER_OBJECT_CONVERSION = YES_AGGRESSIVE;
				CLANG_CXX_LANGUAGE_STANDARD = "gnu++17";
				CLANG_ENABLE_MODULES = YES;
				CLANG_ENABLE_OBJC_ARC = YES;
				CLANG_ENABLE_OBJC_WEAK = YES;
				CLANG_WARN_BLOCK_CAPTURE_AUTORELEASING = YES;
				CLANG_WARN_BOOL_CONVERSION = YES;
				CLANG_WARN_COMMA = YES;
				CLANG_WARN_CONSTANT_CONVERSION = YES;
				CLANG_WARN_DEPRECATED_OBJC_IMPLEMENTATIONS = YES;
				CLANG_WARN_DIRECT_OBJC_ISA_USAGE = YES_ERROR;
				CLANG_WARN_DOCUMENTATION_COMMENTS = YES;
				CLANG_WARN_EMPTY_BODY = YES;
				CLANG_WARN_ENUM_CONVERSION = YES;
				CLANG_WARN_INFINITE_RECURSION = YES;
				CLANG_WARN_INT_CONVERSION = YES;
				CLANG_WARN_NON_LITERAL_NULL_CONVERSION = YES;
				CLANG_WARN_OBJC_IMPLICIT_RETAIN_SELF = YES;
				CLANG_WARN_OBJC_LITERAL_CONVERSION = YES;
				CLANG_WARN_OBJC_ROOT_CLASS = YES_ERROR;
				CLANG_WARN_QUOTED_INCLUDE_IN_FRAMEWORK_HEADER = YES;
				CLANG_WARN_RANGE_LOOP_ANALYSIS = YES;
				CLANG_WARN_STRICT_PROTOTYPES = YES;
				CLANG_WARN_SUSPICIOUS_MOVE = YES;
				CLANG_WARN_UNGUARDED_AVAILABILITY = YES_AGGRESSIVE;
				CLANG_WARN_UNREACHABLE_CODE = YES;
				CLANG_WARN__DUPLICATE_METHOD_MATCH = YES;
				COPY_PHASE_STRIP = NO;
				DEBUG_INFORMATION_FORMAT = "dwarf-with-dsym";
				ENABLE_NS_ASSERTIONS = NO;
				ENABLE_STRICT_OBJC_MSGSEND = YES;
				GCC_C_LANGUAGE_STANDARD = gnu11;
				GCC_NO_COMMON_BLOCKS = YES;
				GCC_WARN_64_TO_32_BIT_CONVERSION = YES;
				GCC_WARN_ABOUT_RETURN_TYPE = YES_ERROR;
				GCC_WARN_UNDECLARED_SELECTOR = YES;
				GCC_WARN_UNINITIALIZED_AUTOS = YES_AGGRESSIVE;
				GCC_WARN_UNUSED_FUNCTION = YES;
				GCC_WARN_UNUSED_VARIABLE = YES;
				IPHONEOS_DEPLOYMENT_TARGET = 15.5;
				MTL_ENABLE_DEBUG_INFO = NO;
				MTL_FAST_MATH = YES;
				SDKROOT = iphoneos;
				SWIFT_COMPILATION_MODE = wholemodule;
				SWIFT_OPTIMIZATION_LEVEL = "-O";
				VALIDATE_PRODUCT = YES;
			};
			name = Release;
		};
		E99E4A0A283AAFFF00DD6374 /* Debug */ = {
			isa = XCBuildConfiguration;
			buildSettings = {
				ASSETCATALOG_COMPILER_APPICON_NAME = AppIcon;
				ASSETCATALOG_COMPILER_GLOBAL_ACCENT_COLOR_NAME = AccentColor;
				CODE_SIGN_STYLE = Automatic;
				CURRENT_PROJECT_VERSION = 1;
				DEVELOPMENT_TEAM = 32VPA6HJ38;
				GENERATE_INFOPLIST_FILE = YES;
				INFOPLIST_FILE = "Le-Baluchon/Info.plist";
				INFOPLIST_KEY_UIApplicationSupportsIndirectInputEvents = YES;
				INFOPLIST_KEY_UILaunchStoryboardName = LaunchScreen;
				INFOPLIST_KEY_UIMainStoryboardFile = Main;
				INFOPLIST_KEY_UISupportedInterfaceOrientations = UIInterfaceOrientationPortrait;
				INFOPLIST_KEY_UISupportedInterfaceOrientations_iPad = "UIInterfaceOrientationPortrait UIInterfaceOrientationPortraitUpsideDown UIInterfaceOrientationLandscapeLeft UIInterfaceOrientationLandscapeRight";
				INFOPLIST_KEY_UISupportedInterfaceOrientations_iPhone = "UIInterfaceOrientationPortrait UIInterfaceOrientationLandscapeLeft UIInterfaceOrientationLandscapeRight";
				LD_RUNPATH_SEARCH_PATHS = (
					"$(inherited)",
					"@executable_path/Frameworks",
				);
				MARKETING_VERSION = 1.0;
				PRODUCT_BUNDLE_IDENTIFIER = "com.bertranddalleau.Le-Baluchon";
				PRODUCT_NAME = "$(TARGET_NAME)";
				SWIFT_EMIT_LOC_STRINGS = YES;
				SWIFT_VERSION = 5.0;
				TARGETED_DEVICE_FAMILY = 1;
			};
			name = Debug;
		};
		E99E4A0B283AAFFF00DD6374 /* Release */ = {
			isa = XCBuildConfiguration;
			buildSettings = {
				ASSETCATALOG_COMPILER_APPICON_NAME = AppIcon;
				ASSETCATALOG_COMPILER_GLOBAL_ACCENT_COLOR_NAME = AccentColor;
				CODE_SIGN_STYLE = Automatic;
				CURRENT_PROJECT_VERSION = 1;
				DEVELOPMENT_TEAM = 32VPA6HJ38;
				GENERATE_INFOPLIST_FILE = YES;
				INFOPLIST_FILE = "Le-Baluchon/Info.plist";
				INFOPLIST_KEY_UIApplicationSupportsIndirectInputEvents = YES;
				INFOPLIST_KEY_UILaunchStoryboardName = LaunchScreen;
				INFOPLIST_KEY_UIMainStoryboardFile = Main;
				INFOPLIST_KEY_UISupportedInterfaceOrientations = UIInterfaceOrientationPortrait;
				INFOPLIST_KEY_UISupportedInterfaceOrientations_iPad = "UIInterfaceOrientationPortrait UIInterfaceOrientationPortraitUpsideDown UIInterfaceOrientationLandscapeLeft UIInterfaceOrientationLandscapeRight";
				INFOPLIST_KEY_UISupportedInterfaceOrientations_iPhone = "UIInterfaceOrientationPortrait UIInterfaceOrientationLandscapeLeft UIInterfaceOrientationLandscapeRight";
				LD_RUNPATH_SEARCH_PATHS = (
					"$(inherited)",
					"@executable_path/Frameworks",
				);
				MARKETING_VERSION = 1.0;
				PRODUCT_BUNDLE_IDENTIFIER = "com.bertranddalleau.Le-Baluchon";
				PRODUCT_NAME = "$(TARGET_NAME)";
				SWIFT_EMIT_LOC_STRINGS = YES;
				SWIFT_VERSION = 5.0;
				TARGETED_DEVICE_FAMILY = 1;
			};
			name = Release;
		};
		E99E4A0D283AAFFF00DD6374 /* Debug */ = {
			isa = XCBuildConfiguration;
			buildSettings = {
				ALWAYS_EMBED_SWIFT_STANDARD_LIBRARIES = YES;
				BUNDLE_LOADER = "$(TEST_HOST)";
				CODE_SIGN_STYLE = Automatic;
				CURRENT_PROJECT_VERSION = 1;
				DEVELOPMENT_TEAM = 32VPA6HJ38;
				GENERATE_INFOPLIST_FILE = YES;
				IPHONEOS_DEPLOYMENT_TARGET = 15.5;
				MARKETING_VERSION = 1.0;
				PRODUCT_BUNDLE_IDENTIFIER = "com.bertranddalleau.Le-BaluchonTests";
				PRODUCT_NAME = "$(TARGET_NAME)";
				SWIFT_EMIT_LOC_STRINGS = NO;
				SWIFT_VERSION = 5.0;
				TARGETED_DEVICE_FAMILY = "1,2";
				TEST_HOST = "$(BUILT_PRODUCTS_DIR)/Le-Baluchon.app/Le-Baluchon";
			};
			name = Debug;
		};
		E99E4A0E283AAFFF00DD6374 /* Release */ = {
			isa = XCBuildConfiguration;
			buildSettings = {
				ALWAYS_EMBED_SWIFT_STANDARD_LIBRARIES = YES;
				BUNDLE_LOADER = "$(TEST_HOST)";
				CODE_SIGN_STYLE = Automatic;
				CURRENT_PROJECT_VERSION = 1;
				DEVELOPMENT_TEAM = 32VPA6HJ38;
				GENERATE_INFOPLIST_FILE = YES;
				IPHONEOS_DEPLOYMENT_TARGET = 15.5;
				MARKETING_VERSION = 1.0;
				PRODUCT_BUNDLE_IDENTIFIER = "com.bertranddalleau.Le-BaluchonTests";
				PRODUCT_NAME = "$(TARGET_NAME)";
				SWIFT_EMIT_LOC_STRINGS = NO;
				SWIFT_VERSION = 5.0;
				TARGETED_DEVICE_FAMILY = "1,2";
				TEST_HOST = "$(BUILT_PRODUCTS_DIR)/Le-Baluchon.app/Le-Baluchon";
			};
			name = Release;
		};
/* End XCBuildConfiguration section */

/* Begin XCConfigurationList section */
		E99E49DA283AAFFE00DD6374 /* Build configuration list for PBXProject "Le-Baluchon" */ = {
			isa = XCConfigurationList;
			buildConfigurations = (
				E99E4A07283AAFFF00DD6374 /* Debug */,
				E99E4A08283AAFFF00DD6374 /* Release */,
			);
			defaultConfigurationIsVisible = 0;
			defaultConfigurationName = Release;
		};
		E99E4A09283AAFFF00DD6374 /* Build configuration list for PBXNativeTarget "Le-Baluchon" */ = {
			isa = XCConfigurationList;
			buildConfigurations = (
				E99E4A0A283AAFFF00DD6374 /* Debug */,
				E99E4A0B283AAFFF00DD6374 /* Release */,
			);
			defaultConfigurationIsVisible = 0;
			defaultConfigurationName = Release;
		};
		E99E4A0C283AAFFF00DD6374 /* Build configuration list for PBXNativeTarget "Le-BaluchonTests" */ = {
			isa = XCConfigurationList;
			buildConfigurations = (
				E99E4A0D283AAFFF00DD6374 /* Debug */,
				E99E4A0E283AAFFF00DD6374 /* Release */,
			);
			defaultConfigurationIsVisible = 0;
			defaultConfigurationName = Release;
		};
/* End XCConfigurationList section */
	};
	rootObject = E99E49D7283AAFFE00DD6374 /* Project object */;
}
